// !$*UTF8*$!
{
	archiveVersion = 1;
	classes = {
	};
	objectVersion = 46;
	objects = {

/* Begin PBXBuildFile section */
		6DCC5B001B2BF701001FD564 /* main.m in Sources */ = {isa = PBXBuildFile; fileRef = 6DCC5AFF1B2BF701001FD564 /* main.m */; };
		6DCC5B0B1B2BF701001FD564 /* Images.xcassets in Resources */ = {isa = PBXBuildFile; fileRef = 6DCC5B0A1B2BF701001FD564 /* Images.xcassets */; };
		6DCC5B0E1B2BF701001FD564 /* LaunchScreen.xib in Resources */ = {isa = PBXBuildFile; fileRef = 6DCC5B0C1B2BF701001FD564 /* LaunchScreen.xib */; };
		6DCC5B1A1B2BF701001FD564 /* TwitterLoginDemoTests.m in Sources */ = {isa = PBXBuildFile; fileRef = 6DCC5B191B2BF701001FD564 /* TwitterLoginDemoTests.m */; };
		6DCC5B311B2BF80F001FD564 /* AppDelegate.m in Sources */ = {isa = PBXBuildFile; fileRef = 6DCC5B2A1B2BF80F001FD564 /* AppDelegate.m */; };
		6DCC5B351B2BF9DB001FD564 /* HomeViewController.m in Sources */ = {isa = PBXBuildFile; fileRef = 6DCC5B331B2BF9DB001FD564 /* HomeViewController.m */; };
		6DCC5B381B2BF9F2001FD564 /* HomeViewController.xib in Resources */ = {isa = PBXBuildFile; fileRef = 6DCC5B371B2BF9F2001FD564 /* HomeViewController.xib */; };
		6DCC5B441B2BFCBC001FD564 /* Fabric.framework in Frameworks */ = {isa = PBXBuildFile; fileRef = 6DCC5B431B2BFCBC001FD564 /* Fabric.framework */; };
		6DCC5B461B2BFCC8001FD564 /* TwitterKit.framework in Frameworks */ = {isa = PBXBuildFile; fileRef = 6DCC5B451B2BFCC8001FD564 /* TwitterKit.framework */; };
		6DCC5B4C1B2BFF37001FD564 /* TwitterKitResources.bundle in Frameworks */ = {isa = PBXBuildFile; fileRef = 6DCC5B4B1B2BFF37001FD564 /* TwitterKitResources.bundle */; };
		6DCC5B4D1B2C00DD001FD564 /* TwitterKitResources.bundle in Resources */ = {isa = PBXBuildFile; fileRef = 6DCC5B4B1B2BFF37001FD564 /* TwitterKitResources.bundle */; };
/* End PBXBuildFile section */

/* Begin PBXContainerItemProxy section */
		6DCC5B141B2BF701001FD564 /* PBXContainerItemProxy */ = {
			isa = PBXContainerItemProxy;
			containerPortal = 6DCC5AF21B2BF701001FD564 /* Project object */;
			proxyType = 1;
			remoteGlobalIDString = 6DCC5AF91B2BF701001FD564;
			remoteInfo = TwitterLoginDemo;
		};
/* End PBXContainerItemProxy section */

/* Begin PBXFileReference section */
		6DCC5AFA1B2BF701001FD564 /* TwitterLoginDemo.app */ = {isa = PBXFileReference; explicitFileType = wrapper.application; includeInIndex = 0; path = TwitterLoginDemo.app; sourceTree = BUILT_PRODUCTS_DIR; };
		6DCC5AFE1B2BF701001FD564 /* Info.plist */ = {isa = PBXFileReference; lastKnownFileType = text.plist.xml; path = Info.plist; sourceTree = "<group>"; };
		6DCC5AFF1B2BF701001FD564 /* main.m */ = {isa = PBXFileReference; lastKnownFileType = sourcecode.c.objc; path = main.m; sourceTree = "<group>"; };
		6DCC5B0A1B2BF701001FD564 /* Images.xcassets */ = {isa = PBXFileReference; lastKnownFileType = folder.assetcatalog; path = Images.xcassets; sourceTree = "<group>"; };
		6DCC5B0D1B2BF701001FD564 /* Base */ = {isa = PBXFileReference; lastKnownFileType = file.xib; name = Base; path = Base.lproj/LaunchScreen.xib; sourceTree = "<group>"; };
		6DCC5B131B2BF701001FD564 /* TwitterLoginDemoTests.xctest */ = {isa = PBXFileReference; explicitFileType = wrapper.cfbundle; includeInIndex = 0; path = TwitterLoginDemoTests.xctest; sourceTree = BUILT_PRODUCTS_DIR; };
		6DCC5B181B2BF701001FD564 /* Info.plist */ = {isa = PBXFileReference; lastKnownFileType = text.plist.xml; path = Info.plist; sourceTree = "<group>"; };
		6DCC5B191B2BF701001FD564 /* TwitterLoginDemoTests.m */ = {isa = PBXFileReference; lastKnownFileType = sourcecode.c.objc; path = TwitterLoginDemoTests.m; sourceTree = "<group>"; };
		6DCC5B291B2BF80F001FD564 /* AppDelegate.h */ = {isa = PBXFileReference; fileEncoding = 4; lastKnownFileType = sourcecode.c.h; path = AppDelegate.h; sourceTree = "<group>"; };
		6DCC5B2A1B2BF80F001FD564 /* AppDelegate.m */ = {isa = PBXFileReference; fileEncoding = 4; lastKnownFileType = sourcecode.c.objc; path = AppDelegate.m; sourceTree = "<group>"; };
		6DCC5B321B2BF9DB001FD564 /* HomeViewController.h */ = {isa = PBXFileReference; fileEncoding = 4; lastKnownFileType = sourcecode.c.h; path = HomeViewController.h; sourceTree = "<group>"; };
		6DCC5B331B2BF9DB001FD564 /* HomeViewController.m */ = {isa = PBXFileReference; fileEncoding = 4; lastKnownFileType = sourcecode.c.objc; path = HomeViewController.m; sourceTree = "<group>"; };
		6DCC5B371B2BF9F2001FD564 /* HomeViewController.xib */ = {isa = PBXFileReference; fileEncoding = 4; lastKnownFileType = file.xib; path = HomeViewController.xib; sourceTree = "<group>"; };
		6DCC5B431B2BFCBC001FD564 /* Fabric.framework */ = {isa = PBXFileReference; lastKnownFileType = wrapper.framework; path = Fabric.framework; sourceTree = "<group>"; };
		6DCC5B451B2BFCC8001FD564 /* TwitterKit.framework */ = {isa = PBXFileReference; lastKnownFileType = wrapper.framework; path = TwitterKit.framework; sourceTree = "<group>"; };
		6DCC5B4B1B2BFF37001FD564 /* TwitterKitResources.bundle */ = {isa = PBXFileReference; lastKnownFileType = "wrapper.plug-in"; path = TwitterKitResources.bundle; sourceTree = "<group>"; };
/* End PBXFileReference section */

/* Begin PBXFrameworksBuildPhase section */
		6DCC5AF71B2BF701001FD564 /* Frameworks */ = {
			isa = PBXFrameworksBuildPhase;
			buildActionMask = 2147483647;
			files = (
				6DCC5B4C1B2BFF37001FD564 /* TwitterKitResources.bundle in Frameworks */,
				6DCC5B461B2BFCC8001FD564 /* TwitterKit.framework in Frameworks */,
				6DCC5B441B2BFCBC001FD564 /* Fabric.framework in Frameworks */,
			);
			runOnlyForDeploymentPostprocessing = 0;
		};
		6DCC5B101B2BF701001FD564 /* Frameworks */ = {
			isa = PBXFrameworksBuildPhase;
			buildActionMask = 2147483647;
			files = (
			);
			runOnlyForDeploymentPostprocessing = 0;
		};
/* End PBXFrameworksBuildPhase section */

/* Begin PBXGroup section */
		6DCC5AF11B2BF701001FD564 = {
			isa = PBXGroup;
			children = (
				6DCC5B241B2BF7AA001FD564 /* Resources */,
				6DCC5AFC1B2BF701001FD564 /* TwitterLoginDemo */,
				6DCC5B161B2BF701001FD564 /* TwitterLoginDemoTests */,
				6DCC5AFB1B2BF701001FD564 /* Products */,
				6DCC5B231B2BF7AA001FD564 /* Frameworks */,
			);
			sourceTree = "<group>";
		};
		6DCC5AFB1B2BF701001FD564 /* Products */ = {
			isa = PBXGroup;
			children = (
				6DCC5AFA1B2BF701001FD564 /* TwitterLoginDemo.app */,
				6DCC5B131B2BF701001FD564 /* TwitterLoginDemoTests.xctest */,
			);
			name = Products;
			sourceTree = "<group>";
		};
		6DCC5AFC1B2BF701001FD564 /* TwitterLoginDemo */ = {
			isa = PBXGroup;
			children = (
				6DCC5B2E1B2BF80F001FD564 /* Singelton */,
				6DCC5B281B2BF80F001FD564 /* AppDelegate */,
				6DCC5B2B1B2BF80F001FD564 /* Controllers */,
				6DCC5B2C1B2BF80F001FD564 /* Models */,
				6DCC5B2D1B2BF80F001FD564 /* Plugins */,
				6DCC5B2F1B2BF80F001FD564 /* Utils */,
				6DCC5B301B2BF80F001FD564 /* View */,
				6DCC5B0A1B2BF701001FD564 /* Images.xcassets */,
				6DCC5B0C1B2BF701001FD564 /* LaunchScreen.xib */,
				6DCC5AFD1B2BF701001FD564 /* Supporting Files */,
			);
			path = TwitterLoginDemo;
			sourceTree = "<group>";
		};
		6DCC5AFD1B2BF701001FD564 /* Supporting Files */ = {
			isa = PBXGroup;
			children = (
				6DCC5AFE1B2BF701001FD564 /* Info.plist */,
				6DCC5AFF1B2BF701001FD564 /* main.m */,
			);
			name = "Supporting Files";
			sourceTree = "<group>";
		};
		6DCC5B161B2BF701001FD564 /* TwitterLoginDemoTests */ = {
			isa = PBXGroup;
			children = (
				6DCC5B191B2BF701001FD564 /* TwitterLoginDemoTests.m */,
				6DCC5B171B2BF701001FD564 /* Supporting Files */,
			);
			path = TwitterLoginDemoTests;
			sourceTree = "<group>";
		};
		6DCC5B171B2BF701001FD564 /* Supporting Files */ = {
			isa = PBXGroup;
			children = (
				6DCC5B181B2BF701001FD564 /* Info.plist */,
			);
			name = "Supporting Files";
			sourceTree = "<group>";
		};
		6DCC5B231B2BF7AA001FD564 /* Frameworks */ = {
			isa = PBXGroup;
			children = (
				6DCC5B4B1B2BFF37001FD564 /* TwitterKitResources.bundle */,
				6DCC5B451B2BFCC8001FD564 /* TwitterKit.framework */,
				6DCC5B431B2BFCBC001FD564 /* Fabric.framework */,
			);
			path = Frameworks;
			sourceTree = "<group>";
		};
		6DCC5B241B2BF7AA001FD564 /* Resources */ = {
			isa = PBXGroup;
			children = (
				6DCC5B251B2BF7AA001FD564 /* Images */,
				6DCC5B261B2BF7AA001FD564 /* StaticData */,
				6DCC5B271B2BF7AA001FD564 /* XIBFiles */,
			);
			path = Resources;
			sourceTree = "<group>";
		};
		6DCC5B251B2BF7AA001FD564 /* Images */ = {
			isa = PBXGroup;
			children = (
			);
			path = Images;
			sourceTree = "<group>";
		};
		6DCC5B261B2BF7AA001FD564 /* StaticData */ = {
			isa = PBXGroup;
			children = (
			);
			path = StaticData;
			sourceTree = "<group>";
		};
		6DCC5B271B2BF7AA001FD564 /* XIBFiles */ = {
			isa = PBXGroup;
			children = (
				6DCC5B371B2BF9F2001FD564 /* HomeViewController.xib */,
			);
			path = XIBFiles;
			sourceTree = "<group>";
		};
		6DCC5B281B2BF80F001FD564 /* AppDelegate */ = {
			isa = PBXGroup;
			children = (
				6DCC5B291B2BF80F001FD564 /* AppDelegate.h */,
				6DCC5B2A1B2BF80F001FD564 /* AppDelegate.m */,
			);
			path = AppDelegate;
			sourceTree = "<group>";
		};
		6DCC5B2B1B2BF80F001FD564 /* Controllers */ = {
			isa = PBXGroup;
			children = (
				6DCC5B321B2BF9DB001FD564 /* HomeViewController.h */,
				6DCC5B331B2BF9DB001FD564 /* HomeViewController.m */,
			);
			path = Controllers;
			sourceTree = "<group>";
		};
		6DCC5B2C1B2BF80F001FD564 /* Models */ = {
			isa = PBXGroup;
			children = (
			);
			path = Models;
			sourceTree = "<group>";
		};
		6DCC5B2D1B2BF80F001FD564 /* Plugins */ = {
			isa = PBXGroup;
			children = (
			);
			path = Plugins;
			sourceTree = "<group>";
		};
		6DCC5B2E1B2BF80F001FD564 /* Singelton */ = {
			isa = PBXGroup;
			children = (
			);
			path = Singelton;
			sourceTree = "<group>";
		};
		6DCC5B2F1B2BF80F001FD564 /* Utils */ = {
			isa = PBXGroup;
			children = (
			);
			path = Utils;
			sourceTree = "<group>";
		};
		6DCC5B301B2BF80F001FD564 /* View */ = {
			isa = PBXGroup;
			children = (
			);
			path = View;
			sourceTree = "<group>";
		};
/* End PBXGroup section */

/* Begin PBXNativeTarget section */
		6DCC5AF91B2BF701001FD564 /* TwitterLoginDemo */ = {
			isa = PBXNativeTarget;
			buildConfigurationList = 6DCC5B1D1B2BF701001FD564 /* Build configuration list for PBXNativeTarget "TwitterLoginDemo" */;
			buildPhases = (
				6DCC5AF61B2BF701001FD564 /* Sources */,
				6DCC5AF71B2BF701001FD564 /* Frameworks */,
				6DCC5AF81B2BF701001FD564 /* Resources */,
			);
			buildRules = (
			);
			dependencies = (
			);
			name = TwitterLoginDemo;
			productName = TwitterLoginDemo;
			productReference = 6DCC5AFA1B2BF701001FD564 /* TwitterLoginDemo.app */;
			productType = "com.apple.product-type.application";
		};
		6DCC5B121B2BF701001FD564 /* TwitterLoginDemoTests */ = {
			isa = PBXNativeTarget;
			buildConfigurationList = 6DCC5B201B2BF701001FD564 /* Build configuration list for PBXNativeTarget "TwitterLoginDemoTests" */;
			buildPhases = (
				6DCC5B0F1B2BF701001FD564 /* Sources */,
				6DCC5B101B2BF701001FD564 /* Frameworks */,
				6DCC5B111B2BF701001FD564 /* Resources */,
			);
			buildRules = (
			);
			dependencies = (
				6DCC5B151B2BF701001FD564 /* PBXTargetDependency */,
			);
			name = TwitterLoginDemoTests;
			productName = TwitterLoginDemoTests;
			productReference = 6DCC5B131B2BF701001FD564 /* TwitterLoginDemoTests.xctest */;
			productType = "com.apple.product-type.bundle.unit-test";
		};
/* End PBXNativeTarget section */

/* Begin PBXProject section */
		6DCC5AF21B2BF701001FD564 /* Project object */ = {
			isa = PBXProject;
			attributes = {
				LastUpgradeCheck = 0630;
				ORGANIZATIONNAME = Infusion;
				TargetAttributes = {
					6DCC5AF91B2BF701001FD564 = {
						CreatedOnToolsVersion = 6.3.2;
					};
					6DCC5B121B2BF701001FD564 = {
						CreatedOnToolsVersion = 6.3.2;
						TestTargetID = 6DCC5AF91B2BF701001FD564;
					};
				};
			};
			buildConfigurationList = 6DCC5AF51B2BF701001FD564 /* Build configuration list for PBXProject "TwitterLoginDemo" */;
			compatibilityVersion = "Xcode 3.2";
			developmentRegion = English;
			hasScannedForEncodings = 0;
			knownRegions = (
				en,
				Base,
			);
			mainGroup = 6DCC5AF11B2BF701001FD564;
			productRefGroup = 6DCC5AFB1B2BF701001FD564 /* Products */;
			projectDirPath = "";
			projectRoot = "";
			targets = (
				6DCC5AF91B2BF701001FD564 /* TwitterLoginDemo */,
				6DCC5B121B2BF701001FD564 /* TwitterLoginDemoTests */,
			);
		};
/* End PBXProject section */

/* Begin PBXResourcesBuildPhase section */
		6DCC5AF81B2BF701001FD564 /* Resources */ = {
			isa = PBXResourcesBuildPhase;
			buildActionMask = 2147483647;
			files = (
				6DCC5B4D1B2C00DD001FD564 /* TwitterKitResources.bundle in Resources */,
				6DCC5B0E1B2BF701001FD564 /* LaunchScreen.xib in Resources */,
				6DCC5B0B1B2BF701001FD564 /* Images.xcassets in Resources */,
				6DCC5B381B2BF9F2001FD564 /* HomeViewController.xib in Resources */,
			);
			runOnlyForDeploymentPostprocessing = 0;
		};
		6DCC5B111B2BF701001FD564 /* Resources */ = {
			isa = PBXResourcesBuildPhase;
			buildActionMask = 2147483647;
			files = (
			);
			runOnlyForDeploymentPostprocessing = 0;
		};
/* End PBXResourcesBuildPhase section */

/* Begin PBXSourcesBuildPhase section */
		6DCC5AF61B2BF701001FD564 /* Sources */ = {
			isa = PBXSourcesBuildPhase;
			buildActionMask = 2147483647;
			files = (
				6DCC5B001B2BF701001FD564 /* main.m in Sources */,
				6DCC5B311B2BF80F001FD564 /* AppDelegate.m in Sources */,
				6DCC5B351B2BF9DB001FD564 /* HomeViewController.m in Sources */,
			);
			runOnlyForDeploymentPostprocessing = 0;
		};
		6DCC5B0F1B2BF701001FD564 /* Sources */ = {
			isa = PBXSourcesBuildPhase;
			buildActionMask = 2147483647;
			files = (
				6DCC5B1A1B2BF701001FD564 /* TwitterLoginDemoTests.m in Sources */,
			);
			runOnlyForDeploymentPostprocessing = 0;
		};
/* End PBXSourcesBuildPhase section */

/* Begin PBXTargetDependency section */
		6DCC5B151B2BF701001FD564 /* PBXTargetDependency */ = {
			isa = PBXTargetDependency;
			target = 6DCC5AF91B2BF701001FD564 /* TwitterLoginDemo */;
			targetProxy = 6DCC5B141B2BF701001FD564 /* PBXContainerItemProxy */;
		};
/* End PBXTargetDependency section */

/* Begin PBXVariantGroup section */
		6DCC5B0C1B2BF701001FD564 /* LaunchScreen.xib */ = {
			isa = PBXVariantGroup;
			children = (
				6DCC5B0D1B2BF701001FD564 /* Base */,
			);
			name = LaunchScreen.xib;
			sourceTree = "<group>";
		};
/* End PBXVariantGroup section */

/* Begin XCBuildConfiguration section */
		6DCC5B1B1B2BF701001FD564 /* Debug */ = {
			isa = XCBuildConfiguration;
			buildSettings = {
				ALWAYS_SEARCH_USER_PATHS = NO;
				CLANG_CXX_LANGUAGE_STANDARD = "gnu++0x";
				CLANG_CXX_LIBRARY = "libc++";
				CLANG_ENABLE_MODULES = YES;
				CLANG_ENABLE_OBJC_ARC = YES;
				CLANG_WARN_BOOL_CONVERSION = YES;
				CLANG_WARN_CONSTANT_CONVERSION = YES;
				CLANG_WARN_DIRECT_OBJC_ISA_USAGE = YES_ERROR;
				CLANG_WARN_EMPTY_BODY = YES;
				CLANG_WARN_ENUM_CONVERSION = YES;
				CLANG_WARN_INT_CONVERSION = YES;
				CLANG_WARN_OBJC_ROOT_CLASS = YES_ERROR;
				CLANG_WARN_UNREACHABLE_CODE = YES;
				CLANG_WARN__DUPLICATE_METHOD_MATCH = YES;
				"CODE_SIGN_IDENTITY[sdk=iphoneos*]" = "iPhone Developer";
				COPY_PHASE_STRIP = NO;
				DEBUG_INFORMATION_FORMAT = "dwarf-with-dsym";
				ENABLE_STRICT_OBJC_MSGSEND = YES;
				GCC_C_LANGUAGE_STANDARD = gnu99;
				GCC_DYNAMIC_NO_PIC = NO;
				GCC_NO_COMMON_BLOCKS = YES;
				GCC_OPTIMIZATION_LEVEL = 0;
				GCC_PREPROCESSOR_DEFINITIONS = (
					"DEBUG=1",
					"$(inherited)",
				);
				GCC_SYMBOLS_PRIVATE_EXTERN = NO;
				GCC_WARN_64_TO_32_BIT_CONVERSION = YES;
				GCC_WARN_ABOUT_RETURN_TYPE = YES_ERROR;
				GCC_WARN_UNDECLARED_SELECTOR = YES;
				GCC_WARN_UNINITIALIZED_AUTOS = YES_AGGRESSIVE;
				GCC_WARN_UNUSED_FUNCTION = YES;
				GCC_WARN_UNUSED_VARIABLE = YES;
				IPHONEOS_DEPLOYMENT_TARGET = 8.3;
				MTL_ENABLE_DEBUG_INFO = YES;
				ONLY_ACTIVE_ARCH = YES;
				SDKROOT = iphoneos;
			};
			name = Debug;
		};
		6DCC5B1C1B2BF701001FD564 /* Release */ = {
			isa = XCBuildConfiguration;
			buildSettings = {
				ALWAYS_SEARCH_USER_PATHS = NO;
				CLANG_CXX_LANGUAGE_STANDARD = "gnu++0x";
				CLANG_CXX_LIBRARY = "libc++";
				CLANG_ENABLE_MODULES = YES;
				CLANG_ENABLE_OBJC_ARC = YES;
				CLANG_WARN_BOOL_CONVERSION = YES;
				CLANG_WARN_CONSTANT_CONVERSION = YES;
				CLANG_WARN_DIRECT_OBJC_ISA_USAGE = YES_ERROR;
				CLANG_WARN_EMPTY_BODY = YES;
				CLANG_WARN_ENUM_CONVERSION = YES;
				CLANG_WARN_INT_CONVERSION = YES;
				CLANG_WARN_OBJC_ROOT_CLASS = YES_ERROR;
				CLANG_WARN_UNREACHABLE_CODE = YES;
				CLANG_WARN__DUPLICATE_METHOD_MATCH = YES;
				"CODE_SIGN_IDENTITY[sdk=iphoneos*]" = "iPhone Developer";
				COPY_PHASE_STRIP = NO;
				DEBUG_INFORMATION_FORMAT = "dwarf-with-dsym";
				ENABLE_NS_ASSERTIONS = NO;
				ENABLE_STRICT_OBJC_MSGSEND = YES;
				GCC_C_LANGUAGE_STANDARD = gnu99;
				GCC_NO_COMMON_BLOCKS = YES;
				GCC_WARN_64_TO_32_BIT_CONVERSION = YES;
				GCC_WARN_ABOUT_RETURN_TYPE = YES_ERROR;
				GCC_WARN_UNDECLARED_SELECTOR = YES;
				GCC_WARN_UNINITIALIZED_AUTOS = YES_AGGRESSIVE;
				GCC_WARN_UNUSED_FUNCTION = YES;
				GCC_WARN_UNUSED_VARIABLE = YES;
				IPHONEOS_DEPLOYMENT_TARGET = 8.3;
				MTL_ENABLE_DEBUG_INFO = NO;
				SDKROOT = iphoneos;
				VALIDATE_PRODUCT = YES;
			};
			name = Release;
		};
		6DCC5B1E1B2BF701001FD564 /* Debug */ = {
			isa = XCBuildConfiguration;
			buildSettings = {
				ASSETCATALOG_COMPILER_APPICON_NAME = AppIcon;
				FRAMEWORK_SEARCH_PATHS = (
					"$(inherited)",
					"$(PROJECT_DIR)/Frameworks",
				);
				INFOPLIST_FILE = TwitterLoginDemo/Info.plist;
				LD_RUNPATH_SEARCH_PATHS = "$(inherited) @executable_path/Frameworks";
				PRODUCT_NAME = "$(TARGET_NAME)";
			};
			name = Debug;
		};
		6DCC5B1F1B2BF701001FD564 /* Release */ = {
			isa = XCBuildConfiguration;
			buildSettings = {
				ASSETCATALOG_COMPILER_APPICON_NAME = AppIcon;
				FRAMEWORK_SEARCH_PATHS = (
					"$(inherited)",
					"$(PROJECT_DIR)/Frameworks",
				);
				INFOPLIST_FILE = TwitterLoginDemo/Info.plist;
				LD_RUNPATH_SEARCH_PATHS = "$(inherited) @executable_path/Frameworks";
				PRODUCT_NAME = "$(TARGET_NAME)";
			};
			name = Release;
		};
		6DCC5B211B2BF701001FD564 /* Debug */ = {
			isa = XCBuildConfiguration;
			buildSettings = {
				BUNDLE_LOADER = "$(TEST_HOST)";
				FRAMEWORK_SEARCH_PATHS = (
					"$(SDKROOT)/Developer/Library/Frameworks",
					"$(inherited)",
				);
				GCC_PREPROCESSOR_DEFINITIONS = (
					"DEBUG=1",
					"$(inherited)",
				);
				INFOPLIST_FILE = TwitterLoginDemoTests/Info.plist;
				LD_RUNPATH_SEARCH_PATHS = "$(inherited) @executable_path/Frameworks @loader_path/Frameworks";
				PRODUCT_NAME = "$(TARGET_NAME)";
				TEST_HOST = "$(BUILT_PRODUCTS_DIR)/TwitterLoginDemo.app/TwitterLoginDemo";
			};
			name = Debug;
		};
		6DCC5B221B2BF701001FD564 /* Release */ = {
			isa = XCBuildConfiguration;
			buildSettings = {
				BUNDLE_LOADER = "$(TEST_HOST)";
				FRAMEWORK_SEARCH_PATHS = (
					"$(SDKROOT)/Developer/Library/Frameworks",
					"$(inherited)",
				);
				INFOPLIST_FILE = TwitterLoginDemoTests/Info.plist;
				LD_RUNPATH_SEARCH_PATHS = "$(inherited) @executable_path/Frameworks @loader_path/Frameworks";
				PRODUCT_NAME = "$(TARGET_NAME)";
				TEST_HOST = "$(BUILT_PRODUCTS_DIR)/TwitterLoginDemo.app/TwitterLoginDemo";
			};
			name = Release;
		};
/* End XCBuildConfiguration section */

/* Begin XCConfigurationList section */
		6DCC5AF51B2BF701001FD564 /* Build configuration list for PBXProject "TwitterLoginDemo" */ = {
			isa = XCConfigurationList;
			buildConfigurations = (
				6DCC5B1B1B2BF701001FD564 /* Debug */,
				6DCC5B1C1B2BF701001FD564 /* Release */,
			);
			defaultConfigurationIsVisible = 0;
			defaultConfigurationName = Release;
		};
		6DCC5B1D1B2BF701001FD564 /* Build configuration list for PBXNativeTarget "TwitterLoginDemo" */ = {
			isa = XCConfigurationList;
			buildConfigurations = (
				6DCC5B1E1B2BF701001FD564 /* Debug */,
				6DCC5B1F1B2BF701001FD564 /* Release */,
			);
			defaultConfigurationIsVisible = 0;
		};
		6DCC5B201B2BF701001FD564 /* Build configuration list for PBXNativeTarget "TwitterLoginDemoTests" */ = {
			isa = XCConfigurationList;
			buildConfigurations = (
				6DCC5B211B2BF701001FD564 /* Debug */,
				6DCC5B221B2BF701001FD564 /* Release */,
			);
			defaultConfigurationIsVisible = 0;
		};
/* End XCConfigurationList section */
	};
	rootObject = 6DCC5AF21B2BF701001FD564 /* Project object */;
}
